
Microsoft Visual Studio Solution File, Format Version 10.00
# Visual Studio 2008
Project("{FAE04EC0-301F-11D3-BF4B-00C04F79EFBC}") = "LevelConverter", "LevelConverter\LevelConverter.csproj", "{BAD2FD7F-79E8-453B-BD9D-CCF869AABEA7}"
EndProject
Project("{FAE04EC0-301F-11D3-BF4B-00C04F79EFBC}") = "LevelConverter_console", "LevelConverter_console\LevelConverter_console.csproj", "{E6FC22A9-2329-4CEB-872B-630353710EC9}"
EndProject
Global
	GlobalSection(SolutionConfigurationPlatforms) = preSolution
		Debug|Any CPU = Debug|Any CPU
		Release|Any CPU = Release|Any CPU
	EndGlobalSection
	GlobalSection(ProjectConfigurationPlatforms) = postSolution
		{BAD2FD7F-79E8-453B-BD9D-CCF869AABEA7}.Debug|Any CPU.ActiveCfg = Debug|Any CPU
		{BAD2FD7F-79E8-453B-BD9D-CCF869AABEA7}.Debug|Any CPU.Build.0 = Debug|Any CPU
		{BAD2FD7F-79E8-453B-BD9D-CCF869AABEA7}.Release|Any CPU.ActiveCfg = Release|Any CPU
		{BAD2FD7F-79E8-453B-BD9D-CCF869AABEA7}.Release|Any CPU.Build.0 = Release|Any CPU
		{E6FC22A9-2329-4CEB-872B-630353710EC9}.Debug|Any CPU.ActiveCfg = Debug|Any CPU
		{E6FC22A9-2329-4CEB-872B-630353710EC9}.Debug|Any CPU.Build.0 = Debug|Any CPU
		{E6FC22A9-2329-4CEB-872B-630353710EC9}.Release|Any CPU.ActiveCfg = Release|Any CPU
		{E6FC22A9-2329-4CEB-872B-630353710EC9}.Release|Any CPU.Build.0 = Release|Any CPU
	EndGlobalSection
	GlobalSection(SolutionProperties) = preSolution
		HideSolutionNode = FALSE
	EndGlobalSection
EndGlobal
